
Microsoft Visual Studio Solution File, Format Version 12.00
# Visual Studio Version 16
VisualStudioVersion = 16.0.32228.343
MinimumVisualStudioVersion = 10.0.40219.1
Project("{FAE04EC0-301F-11D3-BF4B-00C04F79EFBC}") = "Pre.ShoppingCarts.Cons", "Pre.ShoppingCarts.Cons\Pre.ShoppingCarts.Cons.csproj", "{669A13EE-3BB4-44C3-98E6-4DB34C4166A8}"
EndProject
Project("{FAE04EC0-301F-11D3-BF4B-00C04F79EFBC}") = "Pre.ShoppingCarts.Core", "Pre.ShoppingCarts.Core\Pre.ShoppingCarts.Core.csproj", "{342B17AB-BC4F-4CEE-BF0C-801CEA408B68}"
EndProject
Global
	GlobalSection(SolutionConfigurationPlatforms) = preSolution
		Debug|Any CPU = Debug|Any CPU
		Release|Any CPU = Release|Any CPU
	EndGlobalSection
	GlobalSection(ProjectConfigurationPlatforms) = postSolution
		{669A13EE-3BB4-44C3-98E6-4DB34C4166A8}.Debug|Any CPU.ActiveCfg = Debug|Any CPU
		{669A13EE-3BB4-44C3-98E6-4DB34C4166A8}.Debug|Any CPU.Build.0 = Debug|Any CPU
		{669A13EE-3BB4-44C3-98E6-4DB34C4166A8}.Release|Any CPU.ActiveCfg = Release|Any CPU
		{669A13EE-3BB4-44C3-98E6-4DB34C4166A8}.Release|Any CPU.Build.0 = Release|Any CPU
		{342B17AB-BC4F-4CEE-BF0C-801CEA408B68}.Debug|Any CPU.ActiveCfg = Debug|Any CPU
		{342B17AB-BC4F-4CEE-BF0C-801CEA408B68}.Debug|Any CPU.Build.0 = Debug|Any CPU
		{342B17AB-BC4F-4CEE-BF0C-801CEA408B68}.Release|Any CPU.ActiveCfg = Release|Any CPU
		{342B17AB-BC4F-4CEE-BF0C-801CEA408B68}.Release|Any CPU.Build.0 = Release|Any CPU
	EndGlobalSection
	GlobalSection(SolutionProperties) = preSolution
		HideSolutionNode = FALSE
	EndGlobalSection
	GlobalSection(ExtensibilityGlobals) = postSolution
		SolutionGuid = {F9E047C8-960C-48DB-8450-D559F4E2FDB5}
	EndGlobalSection
EndGlobal
